
Microsoft Visual Studio Solution File, Format Version 12.00
# Visual Studio Version 16
VisualStudioVersion = 16.0.808.7
MinimumVisualStudioVersion = 10.0.40219.1
Project("{FAE04EC0-301F-11D3-BF4B-00C04F79EFBC}") = "BankApp", "BankApp\BankApp.csproj", "{EA23CFFC-B40D-4E1E-BF7D-0637C407D347}"
EndProject
Project("{FAE04EC0-301F-11D3-BF4B-00C04F79EFBC}") = "Model", "Model\Model.csproj", "{87893771-7A40-48F0-B9F1-B7C3032C53CC}"
EndProject
Project("{FAE04EC0-301F-11D3-BF4B-00C04F79EFBC}") = "Services", "Services\Services.csproj", "{56F3CCCD-BC2A-4100-8A01-52CEB03C6F45}"
EndProject
Global
	GlobalSection(SolutionConfigurationPlatforms) = preSolution
		Debug|Any CPU = Debug|Any CPU
		Release|Any CPU = Release|Any CPU
	EndGlobalSection
	GlobalSection(ProjectConfigurationPlatforms) = postSolution
		{EA23CFFC-B40D-4E1E-BF7D-0637C407D347}.Debug|Any CPU.ActiveCfg = Debug|Any CPU
		{EA23CFFC-B40D-4E1E-BF7D-0637C407D347}.Debug|Any CPU.Build.0 = Debug|Any CPU
		{EA23CFFC-B40D-4E1E-BF7D-0637C407D347}.Release|Any CPU.ActiveCfg = Release|Any CPU
		{EA23CFFC-B40D-4E1E-BF7D-0637C407D347}.Release|Any CPU.Build.0 = Release|Any CPU
		{87893771-7A40-48F0-B9F1-B7C3032C53CC}.Debug|Any CPU.ActiveCfg = Debug|Any CPU
		{87893771-7A40-48F0-B9F1-B7C3032C53CC}.Debug|Any CPU.Build.0 = Debug|Any CPU
		{87893771-7A40-48F0-B9F1-B7C3032C53CC}.Release|Any CPU.ActiveCfg = Release|Any CPU
		{87893771-7A40-48F0-B9F1-B7C3032C53CC}.Release|Any CPU.Build.0 = Release|Any CPU
		{56F3CCCD-BC2A-4100-8A01-52CEB03C6F45}.Debug|Any CPU.ActiveCfg = Debug|Any CPU
		{56F3CCCD-BC2A-4100-8A01-52CEB03C6F45}.Debug|Any CPU.Build.0 = Debug|Any CPU
		{56F3CCCD-BC2A-4100-8A01-52CEB03C6F45}.Release|Any CPU.ActiveCfg = Release|Any CPU
		{56F3CCCD-BC2A-4100-8A01-52CEB03C6F45}.Release|Any CPU.Build.0 = Release|Any CPU
	EndGlobalSection
	GlobalSection(SolutionProperties) = preSolution
		HideSolutionNode = FALSE
	EndGlobalSection
	GlobalSection(ExtensibilityGlobals) = postSolution
		SolutionGuid = {4FF4690E-06CC-4EA7-8132-1877A12F5635}
	EndGlobalSection
EndGlobal
